
Microsoft Visual Studio Solution File, Format Version 12.00
# Visual Studio 15
VisualStudioVersion = 15.0.28307.106
MinimumVisualStudioVersion = 10.0.40219.1
Project("{FAE04EC0-301F-11D3-BF4B-00C04F79EFBC}") = "Project1-5_MVC_REST", "Project1-5_MVC_REST\Project1-5_MVC_REST.csproj", "{F43D4973-84A0-400F-9F8F-DAAD2239E5FC}"
EndProject
Global
	GlobalSection(SolutionConfigurationPlatforms) = preSolution
		Debug|Any CPU = Debug|Any CPU
		Release|Any CPU = Release|Any CPU
	EndGlobalSection
	GlobalSection(ProjectConfigurationPlatforms) = postSolution
		{F43D4973-84A0-400F-9F8F-DAAD2239E5FC}.Debug|Any CPU.ActiveCfg = Debug|Any CPU
		{F43D4973-84A0-400F-9F8F-DAAD2239E5FC}.Debug|Any CPU.Build.0 = Debug|Any CPU
		{F43D4973-84A0-400F-9F8F-DAAD2239E5FC}.Release|Any CPU.ActiveCfg = Release|Any CPU
		{F43D4973-84A0-400F-9F8F-DAAD2239E5FC}.Release|Any CPU.Build.0 = Release|Any CPU
	EndGlobalSection
	GlobalSection(SolutionProperties) = preSolution
		HideSolutionNode = FALSE
	EndGlobalSection
	GlobalSection(ExtensibilityGlobals) = postSolution
		SolutionGuid = {7322FEE1-0344-48F1-AAAA-351377CC3F07}
	EndGlobalSection
EndGlobal
